{
  "name": "Minecraft-Ping-API",
  "lockfileVersion": 3,
  "requires": true,
  "packages": {
    "": {
      "dependencies": {
        "minecraft-data": "^3.90.0",
        "varint": "^6.0.0"
      }
    },
    "node_modules/minecraft-data": {
      "version": "3.90.0",
      "resolved": "https://registry.npmjs.org/minecraft-data/-/minecraft-data-3.90.0.tgz",
      "integrity": "sha512-uiYltLF/low8jo1CZqP301HwLdTjG75m/WVU28bi6icuqfjrQvUmUcyDADQSc971sxCXI33v+A5ixOp1rB183A==",
      "license": "MIT"
    },
    "node_modules/varint": {
      "version": "6.0.0",
      "resolved": "https://registry.npmjs.org/varint/-/varint-6.0.0.tgz",
      "integrity": "sha512-cXEIW6cfr15lFv563k4GuVuW/fiwjknytD37jIOLSdSWuOI6WnO/oKwmP2FQTU2l01LP8/M5TSAJpzUaGe3uWg==",
      "license": "MIT"
    }
  }
}
